
Microsoft Visual Studio Solution File, Format Version 12.00
# Visual Studio 2015
Project("{FAE04EC0-301F-11D3-BF4B-00C04F79EFBC}") = "Flick-It.CSharp", "Flick-It.CSharp.csproj", "{2BFE5C46-93BC-9F03-BA42-4B29B1FCAB87}"
EndProject
Project("{FAE04EC0-301F-11D3-BF4B-00C04F79EFBC}") = "Flick-It.CSharp.Editor", "Flick-It.CSharp.Editor.csproj", "{48D73418-94E4-A2AF-B974-CF0B21B332DA}"
EndProject
Global
	GlobalSection(SolutionConfigurationPlatforms) = preSolution
		Debug|Any CPU = Debug|Any CPU
		Release|Any CPU = Release|Any CPU
	EndGlobalSection
	GlobalSection(ProjectConfigurationPlatforms) = postSolution
		{2BFE5C46-93BC-9F03-BA42-4B29B1FCAB87}.Debug|Any CPU.ActiveCfg = Debug|Any CPU
		{2BFE5C46-93BC-9F03-BA42-4B29B1FCAB87}.Debug|Any CPU.Build.0 = Debug|Any CPU
		{2BFE5C46-93BC-9F03-BA42-4B29B1FCAB87}.Release|Any CPU.ActiveCfg = Release|Any CPU
		{2BFE5C46-93BC-9F03-BA42-4B29B1FCAB87}.Release|Any CPU.Build.0 = Release|Any CPU
		{48D73418-94E4-A2AF-B974-CF0B21B332DA}.Debug|Any CPU.ActiveCfg = Debug|Any CPU
		{48D73418-94E4-A2AF-B974-CF0B21B332DA}.Debug|Any CPU.Build.0 = Debug|Any CPU
		{48D73418-94E4-A2AF-B974-CF0B21B332DA}.Release|Any CPU.ActiveCfg = Release|Any CPU
		{48D73418-94E4-A2AF-B974-CF0B21B332DA}.Release|Any CPU.Build.0 = Release|Any CPU
	EndGlobalSection
	GlobalSection(SolutionProperties) = preSolution
		HideSolutionNode = FALSE
	EndGlobalSection
EndGlobal
